
Microsoft Visual Studio Solution File, Format Version 12.00
# Visual Studio Version 17
VisualStudioVersion = 17.11.35222.181
MinimumVisualStudioVersion = 10.0.40219.1
Project("{9A19103F-16F7-4668-BE54-9A1E7A4F7556}") = "GestionSalas.Entity", "GestionSalas\GestionSalas.Entity.csproj", "{1BB54D18-205C-428D-8540-9E1F9C529B0D}"
EndProject
Project("{9A19103F-16F7-4668-BE54-9A1E7A4F7556}") = "GestionSalas.Repositories", "GestionSalas.Repositories\GestionSalas.Repositories.csproj", "{9C73E8E9-570A-43F6-8E4D-0B5E1B2C95C5}"
EndProject
Project("{FAE04EC0-301F-11D3-BF4B-00C04F79EFBC}") = "GestionSalas.UseCase", "GestionSalas.UseCase\GestionSalas.UseCase.csproj", "{27A4215C-A419-4C8C-B943-C81159EC19B7}"
EndProject
Project("{FAE04EC0-301F-11D3-BF4B-00C04F79EFBC}") = "GestionSalas.API", "GestionSalas.API\GestionSalas.API.csproj", "{FD7C32C0-9B3C-4456-B625-98EFBFC1FA7E}"
EndProject
Global
	GlobalSection(SolutionConfigurationPlatforms) = preSolution
		Debug|Any CPU = Debug|Any CPU
		Release|Any CPU = Release|Any CPU
	EndGlobalSection
	GlobalSection(ProjectConfigurationPlatforms) = postSolution
		{1BB54D18-205C-428D-8540-9E1F9C529B0D}.Debug|Any CPU.ActiveCfg = Debug|Any CPU
		{1BB54D18-205C-428D-8540-9E1F9C529B0D}.Debug|Any CPU.Build.0 = Debug|Any CPU
		{1BB54D18-205C-428D-8540-9E1F9C529B0D}.Release|Any CPU.ActiveCfg = Release|Any CPU
		{1BB54D18-205C-428D-8540-9E1F9C529B0D}.Release|Any CPU.Build.0 = Release|Any CPU
		{9C73E8E9-570A-43F6-8E4D-0B5E1B2C95C5}.Debug|Any CPU.ActiveCfg = Debug|Any CPU
		{9C73E8E9-570A-43F6-8E4D-0B5E1B2C95C5}.Debug|Any CPU.Build.0 = Debug|Any CPU
		{9C73E8E9-570A-43F6-8E4D-0B5E1B2C95C5}.Release|Any CPU.ActiveCfg = Release|Any CPU
		{9C73E8E9-570A-43F6-8E4D-0B5E1B2C95C5}.Release|Any CPU.Build.0 = Release|Any CPU
		{27A4215C-A419-4C8C-B943-C81159EC19B7}.Debug|Any CPU.ActiveCfg = Debug|Any CPU
		{27A4215C-A419-4C8C-B943-C81159EC19B7}.Debug|Any CPU.Build.0 = Debug|Any CPU
		{27A4215C-A419-4C8C-B943-C81159EC19B7}.Release|Any CPU.ActiveCfg = Release|Any CPU
		{27A4215C-A419-4C8C-B943-C81159EC19B7}.Release|Any CPU.Build.0 = Release|Any CPU
		{FD7C32C0-9B3C-4456-B625-98EFBFC1FA7E}.Debug|Any CPU.ActiveCfg = Debug|Any CPU
		{FD7C32C0-9B3C-4456-B625-98EFBFC1FA7E}.Debug|Any CPU.Build.0 = Debug|Any CPU
		{FD7C32C0-9B3C-4456-B625-98EFBFC1FA7E}.Release|Any CPU.ActiveCfg = Release|Any CPU
		{FD7C32C0-9B3C-4456-B625-98EFBFC1FA7E}.Release|Any CPU.Build.0 = Release|Any CPU
	EndGlobalSection
	GlobalSection(SolutionProperties) = preSolution
		HideSolutionNode = FALSE
	EndGlobalSection
	GlobalSection(ExtensibilityGlobals) = postSolution
		SolutionGuid = {51D40A2F-652A-4DC7-85F0-8BE22C4FADCA}
	EndGlobalSection
EndGlobal
